
Microsoft Visual Studio Solution File, Format Version 12.00
# Visual Studio Version 16
VisualStudioVersion = 16.0.30907.101
MinimumVisualStudioVersion = 10.0.40219.1
Project("{8BC9CEB8-8B4A-11D0-8D11-00A0C91BC942}") = "csis111_aaintablian_3.b", "csis111_aaintablian_3.b\csis111_aaintablian_3.b.vcxproj", "{8747FD26-8C41-4C33-AE19-634174706AC9}"
EndProject
Global
	GlobalSection(SolutionConfigurationPlatforms) = preSolution
		Debug|x64 = Debug|x64
		Debug|x86 = Debug|x86
		Release|x64 = Release|x64
		Release|x86 = Release|x86
	EndGlobalSection
	GlobalSection(ProjectConfigurationPlatforms) = postSolution
		{8747FD26-8C41-4C33-AE19-634174706AC9}.Debug|x64.ActiveCfg = Debug|x64
		{8747FD26-8C41-4C33-AE19-634174706AC9}.Debug|x64.Build.0 = Debug|x64
		{8747FD26-8C41-4C33-AE19-634174706AC9}.Debug|x86.ActiveCfg = Debug|Win32
		{8747FD26-8C41-4C33-AE19-634174706AC9}.Debug|x86.Build.0 = Debug|Win32
		{8747FD26-8C41-4C33-AE19-634174706AC9}.Release|x64.ActiveCfg = Release|x64
		{8747FD26-8C41-4C33-AE19-634174706AC9}.Release|x64.Build.0 = Release|x64
		{8747FD26-8C41-4C33-AE19-634174706AC9}.Release|x86.ActiveCfg = Release|Win32
		{8747FD26-8C41-4C33-AE19-634174706AC9}.Release|x86.Build.0 = Release|Win32
	EndGlobalSection
	GlobalSection(SolutionProperties) = preSolution
		HideSolutionNode = FALSE
	EndGlobalSection
	GlobalSection(ExtensibilityGlobals) = postSolution
		SolutionGuid = {E4373EFF-52F4-4E0B-BE8D-2FADD309543E}
	EndGlobalSection
EndGlobal
